{
  "name": "2c2p",
  "version": "1.0.0",
  "lockfileVersion": 3,
  "requires": true,
  "packages": {
    "": {
      "name": "2c2p",
      "version": "1.0.0",
      "license": "ISC",
      "dependencies": {
        "crypto-js": "^4.2.0",
        "openpgp": "^5.11.0",
        "typescript": "^5.2.2"
      },
      "devDependencies": {
        "@openpgp/web-stream-tools": "^0.0.11-patch-0",
        "@types/crypto-js": "^4.2.1",
        "@types/node": "^20.8.9"
      }
    },
    "node_modules/@mattiasbuelens/web-streams-adapter": {
      "version": "0.1.0",
      "resolved": "https://registry.npmjs.org/@mattiasbuelens/web-streams-adapter/-/web-streams-adapter-0.1.0.tgz",
      "integrity": "sha512-oV4PyZfwJNtmFWhvlJLqYIX1Nn22ML8FZpS16ZUKv0hg7414xV1fjsGqxQzLT2dyK92TKxsJSwMOd7VNHAtPmA==",
      "dev": true,
      "engines": {
        "node": ">= 12"
      }
    },
    "node_modules/@openpgp/web-stream-tools": {
      "version": "0.0.11-patch-0",
      "resolved": "https://registry.npmjs.org/@openpgp/web-stream-tools/-/web-stream-tools-0.0.11-patch-0.tgz",
      "integrity": "sha512-NrIF4DkCqC3WDcMDAgz17z+0Iik1fVrKuvdbjZXCnMZgYAWHpIG8CWnbp8yQRahAdF26jqCopA/qXrp8CYI2yw==",
      "dev": true,
      "dependencies": {
        "@mattiasbuelens/web-streams-adapter": "~0.1.0",
        "web-streams-polyfill": "~3.0.3"
      }
    },
    "node_modules/@types/crypto-js": {
      "version": "4.2.1",
      "resolved": "https://registry.npmjs.org/@types/crypto-js/-/crypto-js-4.2.1.tgz",
      "integrity": "sha512-FSPGd9+OcSok3RsM0UZ/9fcvMOXJ1ENE/ZbLfOPlBWj7BgXtEAM8VYfTtT760GiLbQIMoVozwVuisjvsVwqYWw==",
      "dev": true
    },
    "node_modules/@types/node": {
      "version": "20.8.9",
      "resolved": "https://registry.npmjs.org/@types/node/-/node-20.8.9.tgz",
      "integrity": "sha512-UzykFsT3FhHb1h7yD4CA4YhBHq545JC0YnEz41xkipN88eKQtL6rSgocL5tbAP6Ola9Izm/Aw4Ora8He4x0BHg==",
      "dev": true,
      "dependencies": {
        "undici-types": "~5.26.4"
      }
    },
    "node_modules/asn1.js": {
      "version": "5.4.1",
      "resolved": "https://registry.npmjs.org/asn1.js/-/asn1.js-5.4.1.tgz",
      "integrity": "sha512-+I//4cYPccV8LdmBLiX8CYvf9Sp3vQsrqu2QNXRcrbiWvcx/UdlFiqUJJzxRQxgsZmvhXhn4cSKeSmoFjVdupA==",
      "dependencies": {
        "bn.js": "^4.0.0",
        "inherits": "^2.0.1",
        "minimalistic-assert": "^1.0.0",
        "safer-buffer": "^2.1.0"
      }
    },
    "node_modules/bn.js": {
      "version": "4.12.0",
      "resolved": "https://registry.npmjs.org/bn.js/-/bn.js-4.12.0.tgz",
      "integrity": "sha512-c98Bf3tPniI+scsdk237ku1Dc3ujXQTSgyiPUDEOe7tRkhrqridvh8klBv0HCEso1OLOYcHuCv/cS6DNxKH+ZA=="
    },
    "node_modules/crypto-js": {
      "version": "4.2.0",
      "resolved": "https://registry.npmjs.org/crypto-js/-/crypto-js-4.2.0.tgz",
      "integrity": "sha512-KALDyEYgpY+Rlob/iriUtjV6d5Eq+Y191A5g4UqLAi8CyGP9N1+FdVbkc1SxKc2r4YAYqG8JzO2KGL+AizD70Q=="
    },
    "node_modules/inherits": {
      "version": "2.0.4",
      "resolved": "https://registry.npmjs.org/inherits/-/inherits-2.0.4.tgz",
      "integrity": "sha512-k/vGaX4/Yla3WzyMCvTQOXYeIHvqOKtnqBduzTHpzpQZzAskKMhZ2K+EnBiSM9zGSoIFeMpXKxa4dYeZIQqewQ=="
    },
    "node_modules/minimalistic-assert": {
      "version": "1.0.1",
      "resolved": "https://registry.npmjs.org/minimalistic-assert/-/minimalistic-assert-1.0.1.tgz",
      "integrity": "sha512-UtJcAD4yEaGtjPezWuO9wC4nwUnVH/8/Im3yEHQP4b67cXlD/Qr9hdITCU1xDbSEXg2XKNaP8jsReV7vQd00/A=="
    },
    "node_modules/openpgp": {
      "version": "5.11.0",
      "resolved": "https://registry.npmjs.org/openpgp/-/openpgp-5.11.0.tgz",
      "integrity": "sha512-hytHsxIPtRhuh6uAmoBUThHSwHSX3imLu7x4453T+xkVqIw49rl22MRD4KQIAQdCDoVdouejzYgcuLmMA/2OAA==",
      "dependencies": {
        "asn1.js": "^5.0.0"
      },
      "engines": {
        "node": ">= 8.0.0"
      }
    },
    "node_modules/safer-buffer": {
      "version": "2.1.2",
      "resolved": "https://registry.npmjs.org/safer-buffer/-/safer-buffer-2.1.2.tgz",
      "integrity": "sha512-YZo3K82SD7Riyi0E1EQPojLz7kpepnSQI9IyPbHHg1XXXevb5dJI7tpyN2ADxGcQbHG7vcyRHk0cbwqcQriUtg=="
    },
    "node_modules/typescript": {
      "version": "5.2.2",
      "resolved": "https://registry.npmjs.org/typescript/-/typescript-5.2.2.tgz",
      "integrity": "sha512-mI4WrpHsbCIcwT9cF4FZvr80QUeKvsUsUvKDoR+X/7XHQH98xYD8YHZg7ANtz2GtZt/CBq2QJ0thkGJMHfqc1w==",
      "bin": {
        "tsc": "bin/tsc",
        "tsserver": "bin/tsserver"
      },
      "engines": {
        "node": ">=14.17"
      }
    },
    "node_modules/undici-types": {
      "version": "5.26.5",
      "resolved": "https://registry.npmjs.org/undici-types/-/undici-types-5.26.5.tgz",
      "integrity": "sha512-JlCMO+ehdEIKqlFxk6IfVoAUVmgz7cU7zD/h9XZ0qzeosSHmUJVOzSQvvYSYWXkFXC+IfLKSIffhv0sVZup6pA==",
      "dev": true
    },
    "node_modules/web-streams-polyfill": {
      "version": "3.0.3",
      "resolved": "https://registry.npmjs.org/web-streams-polyfill/-/web-streams-polyfill-3.0.3.tgz",
      "integrity": "sha512-d2H/t0eqRNM4w2WvmTdoeIvzAUSpK7JmATB8Nr2lb7nQ9BTIJVjbQ/TRFVEh2gUH1HwclPdoPtfMoFfetXaZnA==",
      "dev": true,
      "engines": {
        "node": ">= 8"
      }
    }
  }
}
